
Microsoft Visual Studio Solution File, Format Version 12.00
# Visual Studio Version 17
VisualStudioVersion = 17.14.36414.22 d17.14
MinimumVisualStudioVersion = 10.0.40219.1
Project("{FAE04EC0-301F-11D3-BF4B-00C04F79EFBC}") = "Debugging_Doctors", "Debugging_Doctors.csproj", "{D898138F-4B67-40DC-A68B-1588FE589CFB}"
EndProject
Global
	GlobalSection(SolutionConfigurationPlatforms) = preSolution
		Debug|Any CPU = Debug|Any CPU
		Release|Any CPU = Release|Any CPU
	EndGlobalSection
	GlobalSection(ProjectConfigurationPlatforms) = postSolution
		{D898138F-4B67-40DC-A68B-1588FE589CFB}.Debug|Any CPU.ActiveCfg = Debug|Any CPU
		{D898138F-4B67-40DC-A68B-1588FE589CFB}.Debug|Any CPU.Build.0 = Debug|Any CPU
		{D898138F-4B67-40DC-A68B-1588FE589CFB}.Release|Any CPU.ActiveCfg = Release|Any CPU
		{D898138F-4B67-40DC-A68B-1588FE589CFB}.Release|Any CPU.Build.0 = Release|Any CPU
	EndGlobalSection
	GlobalSection(SolutionProperties) = preSolution
		HideSolutionNode = FALSE
	EndGlobalSection
	GlobalSection(ExtensibilityGlobals) = postSolution
		SolutionGuid = {D7CA7F7F-1EAE-41C9-AACD-FAF8BD417D2A}
	EndGlobalSection
EndGlobal
